
Microsoft Visual Studio Solution File, Format Version 12.00
# Visual Studio Version 17
VisualStudioVersion = 17.8.34309.116
MinimumVisualStudioVersion = 10.0.40219.1
Project("{8BC9CEB8-8B4A-11D0-8D11-00A0C91BC942}") = "OpenKAC", "OpenKAC\OpenKAC.vcxproj", "{6F71FCE0-46FB-4DF3-ABF8-BA198A61B715}"
EndProject
Project("{8BC9CEB8-8B4A-11D0-8D11-00A0C91BC942}") = "OpenKAC_Launcher", "OpenKAC_Launcher\OpenKAC_Launcher.vcxproj", "{CE1D91C8-38A1-47E4-8283-DE139C6182B4}"
EndProject
Project("{8BC9CEB8-8B4A-11D0-8D11-00A0C91BC942}") = "libOpenKAC", "libOpenKAC\libOpenKAC.vcxproj", "{53542354-2F34-4630-808B-4EF2B8D8A870}"
EndProject
Project("{8BC9CEB8-8B4A-11D0-8D11-00A0C91BC942}") = "OpenKAC_Service", "OpenKAC_Service\OpenKAC_Service.vcxproj", "{D4EF7AAD-AC43-4088-9984-10898D7BA7BF}"
EndProject
Global
	GlobalSection(SolutionConfigurationPlatforms) = preSolution
		Debug|Any CPU = Debug|Any CPU
		Debug|ARM = Debug|ARM
		Debug|ARM64 = Debug|ARM64
		Debug|x64 = Debug|x64
		Debug|x86 = Debug|x86
		Release|Any CPU = Release|Any CPU
		Release|ARM = Release|ARM
		Release|ARM64 = Release|ARM64
		Release|x64 = Release|x64
		Release|x86 = Release|x86
	EndGlobalSection
	GlobalSection(ProjectConfigurationPlatforms) = postSolution
		{6F71FCE0-46FB-4DF3-ABF8-BA198A61B715}.Debug|Any CPU.ActiveCfg = Debug|x64
		{6F71FCE0-46FB-4DF3-ABF8-BA198A61B715}.Debug|Any CPU.Build.0 = Debug|x64
		{6F71FCE0-46FB-4DF3-ABF8-BA198A61B715}.Debug|Any CPU.Deploy.0 = Debug|x64
		{6F71FCE0-46FB-4DF3-ABF8-BA198A61B715}.Debug|ARM.ActiveCfg = Debug|x64
		{6F71FCE0-46FB-4DF3-ABF8-BA198A61B715}.Debug|ARM.Build.0 = Debug|x64
		{6F71FCE0-46FB-4DF3-ABF8-BA198A61B715}.Debug|ARM.Deploy.0 = Debug|x64
		{6F71FCE0-46FB-4DF3-ABF8-BA198A61B715}.Debug|ARM64.ActiveCfg = Debug|ARM64
		{6F71FCE0-46FB-4DF3-ABF8-BA198A61B715}.Debug|ARM64.Build.0 = Debug|ARM64
		{6F71FCE0-46FB-4DF3-ABF8-BA198A61B715}.Debug|ARM64.Deploy.0 = Debug|ARM64
		{6F71FCE0-46FB-4DF3-ABF8-BA198A61B715}.Debug|x64.ActiveCfg = Debug|x64
		{6F71FCE0-46FB-4DF3-ABF8-BA198A61B715}.Debug|x64.Build.0 = Debug|x64
		{6F71FCE0-46FB-4DF3-ABF8-BA198A61B715}.Debug|x64.Deploy.0 = Debug|x64
		{6F71FCE0-46FB-4DF3-ABF8-BA198A61B715}.Debug|x86.ActiveCfg = Debug|x64
		{6F71FCE0-46FB-4DF3-ABF8-BA198A61B715}.Debug|x86.Build.0 = Debug|x64
		{6F71FCE0-46FB-4DF3-ABF8-BA198A61B715}.Debug|x86.Deploy.0 = Debug|x64
		{6F71FCE0-46FB-4DF3-ABF8-BA198A61B715}.Release|Any CPU.ActiveCfg = Release|x64
		{6F71FCE0-46FB-4DF3-ABF8-BA198A61B715}.Release|Any CPU.Build.0 = Release|x64
		{6F71FCE0-46FB-4DF3-ABF8-BA198A61B715}.Release|Any CPU.Deploy.0 = Release|x64
		{6F71FCE0-46FB-4DF3-ABF8-BA198A61B715}.Release|ARM.ActiveCfg = Release|x64
		{6F71FCE0-46FB-4DF3-ABF8-BA198A61B715}.Release|ARM.Build.0 = Release|x64
		{6F71FCE0-46FB-4DF3-ABF8-BA198A61B715}.Release|ARM.Deploy.0 = Release|x64
		{6F71FCE0-46FB-4DF3-ABF8-BA198A61B715}.Release|ARM64.ActiveCfg = Release|ARM64
		{6F71FCE0-46FB-4DF3-ABF8-BA198A61B715}.Release|ARM64.Build.0 = Release|ARM64
		{6F71FCE0-46FB-4DF3-ABF8-BA198A61B715}.Release|ARM64.Deploy.0 = Release|ARM64
		{6F71FCE0-46FB-4DF3-ABF8-BA198A61B715}.Release|x64.ActiveCfg = Release|x64
		{6F71FCE0-46FB-4DF3-ABF8-BA198A61B715}.Release|x64.Build.0 = Release|x64
		{6F71FCE0-46FB-4DF3-ABF8-BA198A61B715}.Release|x64.Deploy.0 = Release|x64
		{6F71FCE0-46FB-4DF3-ABF8-BA198A61B715}.Release|x86.ActiveCfg = Release|x64
		{6F71FCE0-46FB-4DF3-ABF8-BA198A61B715}.Release|x86.Build.0 = Release|x64
		{6F71FCE0-46FB-4DF3-ABF8-BA198A61B715}.Release|x86.Deploy.0 = Release|x64
		{CE1D91C8-38A1-47E4-8283-DE139C6182B4}.Debug|Any CPU.ActiveCfg = Debug|x64
		{CE1D91C8-38A1-47E4-8283-DE139C6182B4}.Debug|Any CPU.Build.0 = Debug|x64
		{CE1D91C8-38A1-47E4-8283-DE139C6182B4}.Debug|ARM.ActiveCfg = Debug|x64
		{CE1D91C8-38A1-47E4-8283-DE139C6182B4}.Debug|ARM.Build.0 = Debug|x64
		{CE1D91C8-38A1-47E4-8283-DE139C6182B4}.Debug|ARM64.ActiveCfg = Debug|x64
		{CE1D91C8-38A1-47E4-8283-DE139C6182B4}.Debug|ARM64.Build.0 = Debug|x64
		{CE1D91C8-38A1-47E4-8283-DE139C6182B4}.Debug|x64.ActiveCfg = Debug|x64
		{CE1D91C8-38A1-47E4-8283-DE139C6182B4}.Debug|x64.Build.0 = Debug|x64
		{CE1D91C8-38A1-47E4-8283-DE139C6182B4}.Debug|x86.ActiveCfg = Debug|Win32
		{CE1D91C8-38A1-47E4-8283-DE139C6182B4}.Debug|x86.Build.0 = Debug|Win32
		{CE1D91C8-38A1-47E4-8283-DE139C6182B4}.Release|Any CPU.ActiveCfg = Release|x64
		{CE1D91C8-38A1-47E4-8283-DE139C6182B4}.Release|Any CPU.Build.0 = Release|x64
		{CE1D91C8-38A1-47E4-8283-DE139C6182B4}.Release|ARM.ActiveCfg = Release|x64
		{CE1D91C8-38A1-47E4-8283-DE139C6182B4}.Release|ARM.Build.0 = Release|x64
		{CE1D91C8-38A1-47E4-8283-DE139C6182B4}.Release|ARM64.ActiveCfg = Release|x64
		{CE1D91C8-38A1-47E4-8283-DE139C6182B4}.Release|ARM64.Build.0 = Release|x64
		{CE1D91C8-38A1-47E4-8283-DE139C6182B4}.Release|x64.ActiveCfg = Release|x64
		{CE1D91C8-38A1-47E4-8283-DE139C6182B4}.Release|x64.Build.0 = Release|x64
		{CE1D91C8-38A1-47E4-8283-DE139C6182B4}.Release|x86.ActiveCfg = Release|Win32
		{CE1D91C8-38A1-47E4-8283-DE139C6182B4}.Release|x86.Build.0 = Release|Win32
		{53542354-2F34-4630-808B-4EF2B8D8A870}.Debug|Any CPU.ActiveCfg = Debug|x64
		{53542354-2F34-4630-808B-4EF2B8D8A870}.Debug|Any CPU.Build.0 = Debug|x64
		{53542354-2F34-4630-808B-4EF2B8D8A870}.Debug|ARM.ActiveCfg = Debug|x64
		{53542354-2F34-4630-808B-4EF2B8D8A870}.Debug|ARM.Build.0 = Debug|x64
		{53542354-2F34-4630-808B-4EF2B8D8A870}.Debug|ARM64.ActiveCfg = Debug|x64
		{53542354-2F34-4630-808B-4EF2B8D8A870}.Debug|ARM64.Build.0 = Debug|x64
		{53542354-2F34-4630-808B-4EF2B8D8A870}.Debug|x64.ActiveCfg = Debug|x64
		{53542354-2F34-4630-808B-4EF2B8D8A870}.Debug|x64.Build.0 = Debug|x64
		{53542354-2F34-4630-808B-4EF2B8D8A870}.Debug|x86.ActiveCfg = Debug|Win32
		{53542354-2F34-4630-808B-4EF2B8D8A870}.Debug|x86.Build.0 = Debug|Win32
		{53542354-2F34-4630-808B-4EF2B8D8A870}.Release|Any CPU.ActiveCfg = Release|x64
		{53542354-2F34-4630-808B-4EF2B8D8A870}.Release|Any CPU.Build.0 = Release|x64
		{53542354-2F34-4630-808B-4EF2B8D8A870}.Release|ARM.ActiveCfg = Release|x64
		{53542354-2F34-4630-808B-4EF2B8D8A870}.Release|ARM.Build.0 = Release|x64
		{53542354-2F34-4630-808B-4EF2B8D8A870}.Release|ARM64.ActiveCfg = Release|x64
		{53542354-2F34-4630-808B-4EF2B8D8A870}.Release|ARM64.Build.0 = Release|x64
		{53542354-2F34-4630-808B-4EF2B8D8A870}.Release|x64.ActiveCfg = Release|x64
		{53542354-2F34-4630-808B-4EF2B8D8A870}.Release|x64.Build.0 = Release|x64
		{53542354-2F34-4630-808B-4EF2B8D8A870}.Release|x86.ActiveCfg = Release|Win32
		{53542354-2F34-4630-808B-4EF2B8D8A870}.Release|x86.Build.0 = Release|Win32
		{D4EF7AAD-AC43-4088-9984-10898D7BA7BF}.Debug|Any CPU.ActiveCfg = Debug|x64
		{D4EF7AAD-AC43-4088-9984-10898D7BA7BF}.Debug|Any CPU.Build.0 = Debug|x64
		{D4EF7AAD-AC43-4088-9984-10898D7BA7BF}.Debug|ARM.ActiveCfg = Debug|ARM
		{D4EF7AAD-AC43-4088-9984-10898D7BA7BF}.Debug|ARM.Build.0 = Debug|ARM
		{D4EF7AAD-AC43-4088-9984-10898D7BA7BF}.Debug|ARM64.ActiveCfg = Debug|ARM64
		{D4EF7AAD-AC43-4088-9984-10898D7BA7BF}.Debug|ARM64.Build.0 = Debug|ARM64
		{D4EF7AAD-AC43-4088-9984-10898D7BA7BF}.Debug|x64.ActiveCfg = Debug|x64
		{D4EF7AAD-AC43-4088-9984-10898D7BA7BF}.Debug|x64.Build.0 = Debug|x64
		{D4EF7AAD-AC43-4088-9984-10898D7BA7BF}.Debug|x86.ActiveCfg = Debug|Win32
		{D4EF7AAD-AC43-4088-9984-10898D7BA7BF}.Debug|x86.Build.0 = Debug|Win32
		{D4EF7AAD-AC43-4088-9984-10898D7BA7BF}.Release|Any CPU.ActiveCfg = Release|x64
		{D4EF7AAD-AC43-4088-9984-10898D7BA7BF}.Release|Any CPU.Build.0 = Release|x64
		{D4EF7AAD-AC43-4088-9984-10898D7BA7BF}.Release|ARM.ActiveCfg = Release|ARM
		{D4EF7AAD-AC43-4088-9984-10898D7BA7BF}.Release|ARM.Build.0 = Release|ARM
		{D4EF7AAD-AC43-4088-9984-10898D7BA7BF}.Release|ARM64.ActiveCfg = Release|ARM64
		{D4EF7AAD-AC43-4088-9984-10898D7BA7BF}.Release|ARM64.Build.0 = Release|ARM64
		{D4EF7AAD-AC43-4088-9984-10898D7BA7BF}.Release|x64.ActiveCfg = Release|x64
		{D4EF7AAD-AC43-4088-9984-10898D7BA7BF}.Release|x64.Build.0 = Release|x64
		{D4EF7AAD-AC43-4088-9984-10898D7BA7BF}.Release|x86.ActiveCfg = Release|Win32
		{D4EF7AAD-AC43-4088-9984-10898D7BA7BF}.Release|x86.Build.0 = Release|Win32
	EndGlobalSection
	GlobalSection(SolutionProperties) = preSolution
		HideSolutionNode = FALSE
	EndGlobalSection
	GlobalSection(ExtensibilityGlobals) = postSolution
		SolutionGuid = {42BDC4F8-53B8-4644-BA68-0208062575A4}
	EndGlobalSection
EndGlobal
